
Microsoft Visual Studio Solution File, Format Version 12.00
# Visual Studio Version 17
VisualStudioVersion = 17.3.32929.385
MinimumVisualStudioVersion = 10.0.40219.1
Project("{FAE04EC0-301F-11D3-BF4B-00C04F79EFBC}") = "Interfaceler", "Interfaceler\Interfaceler.csproj", "{5894AAE1-89E8-4593-A003-5B48D0600D01}"
EndProject
Project("{FAE04EC0-301F-11D3-BF4B-00C04F79EFBC}") = "NewProject", "NewProject\NewProject.csproj", "{BA660108-FEAE-4DE8-90BE-99C0822F96C9}"
EndProject
Project("{FAE04EC0-301F-11D3-BF4B-00C04F79EFBC}") = "Kalitim", "Kalitim\Kalitim.csproj", "{2DE25BD9-DA53-4B8C-8950-70CDD023B608}"
EndProject
Project("{FAE04EC0-301F-11D3-BF4B-00C04F79EFBC}") = "CargoApp", "CargoApp\CargoApp.csproj", "{F703E880-B601-45F0-9438-CD75CD228B8F}"
EndProject
Global
	GlobalSection(SolutionConfigurationPlatforms) = preSolution
		Debug|Any CPU = Debug|Any CPU
		Release|Any CPU = Release|Any CPU
	EndGlobalSection
	GlobalSection(ProjectConfigurationPlatforms) = postSolution
		{5894AAE1-89E8-4593-A003-5B48D0600D01}.Debug|Any CPU.ActiveCfg = Debug|Any CPU
		{5894AAE1-89E8-4593-A003-5B48D0600D01}.Debug|Any CPU.Build.0 = Debug|Any CPU
		{5894AAE1-89E8-4593-A003-5B48D0600D01}.Release|Any CPU.ActiveCfg = Release|Any CPU
		{5894AAE1-89E8-4593-A003-5B48D0600D01}.Release|Any CPU.Build.0 = Release|Any CPU
		{BA660108-FEAE-4DE8-90BE-99C0822F96C9}.Debug|Any CPU.ActiveCfg = Debug|Any CPU
		{BA660108-FEAE-4DE8-90BE-99C0822F96C9}.Debug|Any CPU.Build.0 = Debug|Any CPU
		{BA660108-FEAE-4DE8-90BE-99C0822F96C9}.Release|Any CPU.ActiveCfg = Release|Any CPU
		{BA660108-FEAE-4DE8-90BE-99C0822F96C9}.Release|Any CPU.Build.0 = Release|Any CPU
		{2DE25BD9-DA53-4B8C-8950-70CDD023B608}.Debug|Any CPU.ActiveCfg = Debug|Any CPU
		{2DE25BD9-DA53-4B8C-8950-70CDD023B608}.Debug|Any CPU.Build.0 = Debug|Any CPU
		{2DE25BD9-DA53-4B8C-8950-70CDD023B608}.Release|Any CPU.ActiveCfg = Release|Any CPU
		{2DE25BD9-DA53-4B8C-8950-70CDD023B608}.Release|Any CPU.Build.0 = Release|Any CPU
		{F703E880-B601-45F0-9438-CD75CD228B8F}.Debug|Any CPU.ActiveCfg = Debug|Any CPU
		{F703E880-B601-45F0-9438-CD75CD228B8F}.Debug|Any CPU.Build.0 = Debug|Any CPU
		{F703E880-B601-45F0-9438-CD75CD228B8F}.Release|Any CPU.ActiveCfg = Release|Any CPU
		{F703E880-B601-45F0-9438-CD75CD228B8F}.Release|Any CPU.Build.0 = Release|Any CPU
	EndGlobalSection
	GlobalSection(SolutionProperties) = preSolution
		HideSolutionNode = FALSE
	EndGlobalSection
	GlobalSection(ExtensibilityGlobals) = postSolution
		SolutionGuid = {28467B7D-78B4-480E-9CA6-555CBDF5DA84}
	EndGlobalSection
EndGlobal
