
Microsoft Visual Studio Solution File, Format Version 12.00
# Visual Studio Version 17
VisualStudioVersion = 17.3.32929.385
MinimumVisualStudioVersion = 10.0.40219.1
Project("{FAE04EC0-301F-11D3-BF4B-00C04F79EFBC}") = "ClassYapisi", "ClassYapisi\ClassYapisi.csproj", "{CBF3D9AB-A2DA-4EE7-977C-30A29081E98E}"
EndProject
Project("{FAE04EC0-301F-11D3-BF4B-00C04F79EFBC}") = "Ornek1", "Ornek1\Ornek1.csproj", "{00AE6ACA-AF2C-4FB5-8172-82A3D0B61A7C}"
EndProject
Project("{FAE04EC0-301F-11D3-BF4B-00C04F79EFBC}") = "Ornek2", "Ornek2\Ornek2.csproj", "{E0DA7117-B225-448C-B08C-2F8E9557A4C6}"
EndProject
Project("{FAE04EC0-301F-11D3-BF4B-00C04F79EFBC}") = "Ornek3", "Ornek3\Ornek3.csproj", "{D1AB5B6D-9E54-4F3A-AC47-1AA3AA1C8F26}"
EndProject
Project("{FAE04EC0-301F-11D3-BF4B-00C04F79EFBC}") = "Ornek4", "Ornek4\Ornek4.csproj", "{A644A2DF-D8E3-4A6E-AB7D-BD41C45350CD}"
EndProject
Global
	GlobalSection(SolutionConfigurationPlatforms) = preSolution
		Debug|Any CPU = Debug|Any CPU
		Release|Any CPU = Release|Any CPU
	EndGlobalSection
	GlobalSection(ProjectConfigurationPlatforms) = postSolution
		{CBF3D9AB-A2DA-4EE7-977C-30A29081E98E}.Debug|Any CPU.ActiveCfg = Debug|Any CPU
		{CBF3D9AB-A2DA-4EE7-977C-30A29081E98E}.Debug|Any CPU.Build.0 = Debug|Any CPU
		{CBF3D9AB-A2DA-4EE7-977C-30A29081E98E}.Release|Any CPU.ActiveCfg = Release|Any CPU
		{CBF3D9AB-A2DA-4EE7-977C-30A29081E98E}.Release|Any CPU.Build.0 = Release|Any CPU
		{00AE6ACA-AF2C-4FB5-8172-82A3D0B61A7C}.Debug|Any CPU.ActiveCfg = Debug|Any CPU
		{00AE6ACA-AF2C-4FB5-8172-82A3D0B61A7C}.Debug|Any CPU.Build.0 = Debug|Any CPU
		{00AE6ACA-AF2C-4FB5-8172-82A3D0B61A7C}.Release|Any CPU.ActiveCfg = Release|Any CPU
		{00AE6ACA-AF2C-4FB5-8172-82A3D0B61A7C}.Release|Any CPU.Build.0 = Release|Any CPU
		{E0DA7117-B225-448C-B08C-2F8E9557A4C6}.Debug|Any CPU.ActiveCfg = Debug|Any CPU
		{E0DA7117-B225-448C-B08C-2F8E9557A4C6}.Debug|Any CPU.Build.0 = Debug|Any CPU
		{E0DA7117-B225-448C-B08C-2F8E9557A4C6}.Release|Any CPU.ActiveCfg = Release|Any CPU
		{E0DA7117-B225-448C-B08C-2F8E9557A4C6}.Release|Any CPU.Build.0 = Release|Any CPU
		{D1AB5B6D-9E54-4F3A-AC47-1AA3AA1C8F26}.Debug|Any CPU.ActiveCfg = Debug|Any CPU
		{D1AB5B6D-9E54-4F3A-AC47-1AA3AA1C8F26}.Debug|Any CPU.Build.0 = Debug|Any CPU
		{D1AB5B6D-9E54-4F3A-AC47-1AA3AA1C8F26}.Release|Any CPU.ActiveCfg = Release|Any CPU
		{D1AB5B6D-9E54-4F3A-AC47-1AA3AA1C8F26}.Release|Any CPU.Build.0 = Release|Any CPU
		{A644A2DF-D8E3-4A6E-AB7D-BD41C45350CD}.Debug|Any CPU.ActiveCfg = Debug|Any CPU
		{A644A2DF-D8E3-4A6E-AB7D-BD41C45350CD}.Debug|Any CPU.Build.0 = Debug|Any CPU
		{A644A2DF-D8E3-4A6E-AB7D-BD41C45350CD}.Release|Any CPU.ActiveCfg = Release|Any CPU
		{A644A2DF-D8E3-4A6E-AB7D-BD41C45350CD}.Release|Any CPU.Build.0 = Release|Any CPU
	EndGlobalSection
	GlobalSection(SolutionProperties) = preSolution
		HideSolutionNode = FALSE
	EndGlobalSection
	GlobalSection(ExtensibilityGlobals) = postSolution
		SolutionGuid = {640A10FD-20BF-4560-A806-ED223396BFF1}
	EndGlobalSection
EndGlobal
