
Microsoft Visual Studio Solution File, Format Version 12.00
# Visual Studio Version 17
VisualStudioVersion = 17.3.32929.385
MinimumVisualStudioVersion = 10.0.40219.1
Project("{FAE04EC0-301F-11D3-BF4B-00C04F79EFBC}") = "GenericListDers3", "GenericListDers3\GenericListDers3.csproj", "{4445D2A6-E2F1-4073-AFF4-32FF11DFFA38}"
EndProject
Project("{FAE04EC0-301F-11D3-BF4B-00C04F79EFBC}") = "Ornek2", "Ornek2\Ornek2.csproj", "{4E236CDD-0D16-4C67-9E9A-9A189B6E6C01}"
EndProject
Project("{FAE04EC0-301F-11D3-BF4B-00C04F79EFBC}") = "Ornek3", "Ornek3\Ornek3.csproj", "{617ED05C-8303-464A-80CD-2036C4983CB8}"
EndProject
Project("{FAE04EC0-301F-11D3-BF4B-00C04F79EFBC}") = "Ornek4", "Ornek4\Ornek4.csproj", "{3A173915-87E2-4290-B474-92FBC4B4A472}"
EndProject
Project("{FAE04EC0-301F-11D3-BF4B-00C04F79EFBC}") = "Ornek5", "Ornek5\Ornek5.csproj", "{64B527D3-915B-46F0-9D63-6406BB51BC22}"
EndProject
Global
	GlobalSection(SolutionConfigurationPlatforms) = preSolution
		Debug|Any CPU = Debug|Any CPU
		Release|Any CPU = Release|Any CPU
	EndGlobalSection
	GlobalSection(ProjectConfigurationPlatforms) = postSolution
		{4445D2A6-E2F1-4073-AFF4-32FF11DFFA38}.Debug|Any CPU.ActiveCfg = Debug|Any CPU
		{4445D2A6-E2F1-4073-AFF4-32FF11DFFA38}.Debug|Any CPU.Build.0 = Debug|Any CPU
		{4445D2A6-E2F1-4073-AFF4-32FF11DFFA38}.Release|Any CPU.ActiveCfg = Release|Any CPU
		{4445D2A6-E2F1-4073-AFF4-32FF11DFFA38}.Release|Any CPU.Build.0 = Release|Any CPU
		{4E236CDD-0D16-4C67-9E9A-9A189B6E6C01}.Debug|Any CPU.ActiveCfg = Debug|Any CPU
		{4E236CDD-0D16-4C67-9E9A-9A189B6E6C01}.Debug|Any CPU.Build.0 = Debug|Any CPU
		{4E236CDD-0D16-4C67-9E9A-9A189B6E6C01}.Release|Any CPU.ActiveCfg = Release|Any CPU
		{4E236CDD-0D16-4C67-9E9A-9A189B6E6C01}.Release|Any CPU.Build.0 = Release|Any CPU
		{617ED05C-8303-464A-80CD-2036C4983CB8}.Debug|Any CPU.ActiveCfg = Debug|Any CPU
		{617ED05C-8303-464A-80CD-2036C4983CB8}.Debug|Any CPU.Build.0 = Debug|Any CPU
		{617ED05C-8303-464A-80CD-2036C4983CB8}.Release|Any CPU.ActiveCfg = Release|Any CPU
		{617ED05C-8303-464A-80CD-2036C4983CB8}.Release|Any CPU.Build.0 = Release|Any CPU
		{3A173915-87E2-4290-B474-92FBC4B4A472}.Debug|Any CPU.ActiveCfg = Debug|Any CPU
		{3A173915-87E2-4290-B474-92FBC4B4A472}.Debug|Any CPU.Build.0 = Debug|Any CPU
		{3A173915-87E2-4290-B474-92FBC4B4A472}.Release|Any CPU.ActiveCfg = Release|Any CPU
		{3A173915-87E2-4290-B474-92FBC4B4A472}.Release|Any CPU.Build.0 = Release|Any CPU
		{64B527D3-915B-46F0-9D63-6406BB51BC22}.Debug|Any CPU.ActiveCfg = Debug|Any CPU
		{64B527D3-915B-46F0-9D63-6406BB51BC22}.Debug|Any CPU.Build.0 = Debug|Any CPU
		{64B527D3-915B-46F0-9D63-6406BB51BC22}.Release|Any CPU.ActiveCfg = Release|Any CPU
		{64B527D3-915B-46F0-9D63-6406BB51BC22}.Release|Any CPU.Build.0 = Release|Any CPU
	EndGlobalSection
	GlobalSection(SolutionProperties) = preSolution
		HideSolutionNode = FALSE
	EndGlobalSection
	GlobalSection(ExtensibilityGlobals) = postSolution
		SolutionGuid = {E85293F1-85E3-4348-ABB2-03309ED2BFE9}
	EndGlobalSection
EndGlobal
